dependencies:
  esphome/esp-audio-libs:
    component_hash: e902ae05835071a0d49f1a03a38ee6cfc3faa3b1ab109594ec82860adc693e9c
    dependencies: []
    source:
      registry_url: https://components.espressif.com/
      type: service
    version: 3.0.0
  esphome/esp-micro-speech-features:
    component_hash: 2b720b4ed49fa9df14b24f35fd3ec8a012eddde1c8dd4709448e36a581eebd3e
    dependencies:
    - name: idf
      require: private
      version: '>=4.4'
    source:
      registry_url: https://components.espressif.com/
      type: service
    version: 1.2.3
  esphome/micro-flac:
    component_hash: d2e75ea77eaa45b83ed4ba968040957b27f53a7344b04d1c27495321b95bd44e
    dependencies:
    - name: idf
      require: private
      version: '>=4.4'
    source:
      registry_url: https://components.espressif.com/
      type: service
    version: 0.2.0
  espressif/esp-nn:
    component_hash: f4633a02f05fef53b80de65ade1f733ebdef637e4c8b8be4eb11f5e27f6d9f3e
    dependencies:
    - name: idf
      require: private
      version: '>=4.2'
    source:
      registry_url: https://components.espressif.com/
      type: service
    version: 1.1.2
  espressif/esp-tflite-micro:
    component_hash: 78502e833b227ec15b917222ed046df1a46f2e5d3593d2a77a162012fa9a1aa0
    dependencies:
    - name: espressif/esp-nn
      registry_url: https://components.espressif.com
      require: private
      version: ^1.1.0
    - name: idf
      require: private
      version: '>=4.4'
    source:
      registry_url: https://components.espressif.com/
      type: service
    version: 1.3.3~1
  espressif/mdns:
    component_hash: 1ebe3bd675bb9d1c58f52bc0b609b32f74e572b01c328f9e61282040c775495c
    dependencies:
    - name: idf
      require: private
      version: '>=5.0'
    source:
      registry_url: https://components.espressif.com/
      type: service
    version: 1.11.0
  idf:
    source:
      type: idf
    version: 5.5.4
  zorxx/multipart-parser:
    component_hash: a80b98bbdd530829b5a4df54cd8332a265ef4d310392562cf37d4cac548c5fd2
    dependencies: []
    source:
      registry_url: https://components.espressif.com/
      type: service
    version: 1.0.1
direct_dependencies:
- esphome/esp-audio-libs
- esphome/esp-micro-speech-features
- esphome/micro-flac
- espressif/esp-nn
- espressif/esp-tflite-micro
- espressif/mdns
- zorxx/multipart-parser
manifest_hash: 7c9dfd9039b593384f3af009860a9637be4fc023dca674418f85858864ad7291
target: esp32s3
version: 2.0.0
